// !$*UTF8*$!
{
	archiveVersion = 1;
	classes = {
	};
	objectVersion = 56;
	objects = {

/* Begin PBXBuildFile section */
		68367CCE29478F9C00527397 /* PetSitterDetail.swift in Sources */ = {isa = PBXBuildFile; fileRef = 68367CCD29478F9C00527397 /* PetSitterDetail.swift */; };
		68367CD02947945400527397 /* ProfileView.swift in Sources */ = {isa = PBXBuildFile; fileRef = 68367CCF2947945400527397 /* ProfileView.swift */; };
		68367CD22948B9AF00527397 /* User.swift in Sources */ = {isa = PBXBuildFile; fileRef = 68367CD12948B9AF00527397 /* User.swift */; };
		68367CD42948BE0600527397 /* CardChatView.swift in Sources */ = {isa = PBXBuildFile; fileRef = 68367CD32948BE0600527397 /* CardChatView.swift */; };
		6854C01D29462D84007670A6 /* ContentView.swift in Sources */ = {isa = PBXBuildFile; fileRef = 6854C01C29462D84007670A6 /* ContentView.swift */; };
		68B65100294516DC0070E140 /* PetSitterApp.swift in Sources */ = {isa = PBXBuildFile; fileRef = 68B650FF294516DC0070E140 /* PetSitterApp.swift */; };
		68B65104294516DD0070E140 /* Assets.xcassets in Resources */ = {isa = PBXBuildFile; fileRef = 68B65103294516DD0070E140 /* Assets.xcassets */; };
		68B65107294516DD0070E140 /* Preview Assets.xcassets in Resources */ = {isa = PBXBuildFile; fileRef = 68B65106294516DD0070E140 /* Preview Assets.xcassets */; };
		68B65111294516DD0070E140 /* PetSitterTests.swift in Sources */ = {isa = PBXBuildFile; fileRef = 68B65110294516DD0070E140 /* PetSitterTests.swift */; };
		68B6511B294516DD0070E140 /* PetSitterUITests.swift in Sources */ = {isa = PBXBuildFile; fileRef = 68B6511A294516DD0070E140 /* PetSitterUITests.swift */; };
		68B6511D294516DD0070E140 /* PetSitterUITestsLaunchTests.swift in Sources */ = {isa = PBXBuildFile; fileRef = 68B6511C294516DD0070E140 /* PetSitterUITestsLaunchTests.swift */; };
		68B6512C294517190070E140 /* dogsitterData.json in Resources */ = {isa = PBXBuildFile; fileRef = 68B6512B294517190070E140 /* dogsitterData.json */; };
		68B6512E294517320070E140 /* PetSitterCard.swift in Sources */ = {isa = PBXBuildFile; fileRef = 68B6512D294517320070E140 /* PetSitterCard.swift */; };
		68B651352945174E0070E140 /* Petsitter.swift in Sources */ = {isa = PBXBuildFile; fileRef = 68B651302945174E0070E140 /* Petsitter.swift */; };
		68B651362945174E0070E140 /* placeholder.swift in Sources */ = {isa = PBXBuildFile; fileRef = 68B651312945174E0070E140 /* placeholder.swift */; };
		68B651372945174E0070E140 /* ModelData.swift in Sources */ = {isa = PBXBuildFile; fileRef = 68B651322945174E0070E140 /* ModelData.swift */; };
		68B651382945174E0070E140 /* SearchService.swift in Sources */ = {isa = PBXBuildFile; fileRef = 68B651332945174E0070E140 /* SearchService.swift */; };
		68B651392945174E0070E140 /* LocationManager.swift in Sources */ = {isa = PBXBuildFile; fileRef = 68B651342945174E0070E140 /* LocationManager.swift */; };
		68B6513E294517650070E140 /* ListView.swift in Sources */ = {isa = PBXBuildFile; fileRef = 68B6513B294517650070E140 /* ListView.swift */; };
		68B6513F294517650070E140 /* MapView.swift in Sources */ = {isa = PBXBuildFile; fileRef = 68B6513C294517650070E140 /* MapView.swift */; };
		68B65140294517650070E140 /* ChatView.swift in Sources */ = {isa = PBXBuildFile; fileRef = 68B6513D294517650070E140 /* ChatView.swift */; };
/* End PBXBuildFile section */

/* Begin PBXContainerItemProxy section */
		68B6510D294516DD0070E140 /* PBXContainerItemProxy */ = {
			isa = PBXContainerItemProxy;
			containerPortal = 68B650F4294516DC0070E140 /* Project object */;
			proxyType = 1;
			remoteGlobalIDString = 68B650FB294516DC0070E140;
			remoteInfo = PetSitter;
		};
		68B65117294516DD0070E140 /* PBXContainerItemProxy */ = {
			isa = PBXContainerItemProxy;
			containerPortal = 68B650F4294516DC0070E140 /* Project object */;
			proxyType = 1;
			remoteGlobalIDString = 68B650FB294516DC0070E140;
			remoteInfo = PetSitter;
		};
/* End PBXContainerItemProxy section */

/* Begin PBXFileReference section */
		68367CCD29478F9C00527397 /* PetSitterDetail.swift */ = {isa = PBXFileReference; lastKnownFileType = sourcecode.swift; path = PetSitterDetail.swift; sourceTree = "<group>"; };
		68367CCF2947945400527397 /* ProfileView.swift */ = {isa = PBXFileReference; lastKnownFileType = sourcecode.swift; path = ProfileView.swift; sourceTree = "<group>"; };
		68367CD12948B9AF00527397 /* User.swift */ = {isa = PBXFileReference; lastKnownFileType = sourcecode.swift; path = User.swift; sourceTree = "<group>"; };
		68367CD32948BE0600527397 /* CardChatView.swift */ = {isa = PBXFileReference; lastKnownFileType = sourcecode.swift; path = CardChatView.swift; sourceTree = "<group>"; };
		6854C01C29462D84007670A6 /* ContentView.swift */ = {isa = PBXFileReference; fileEncoding = 4; lastKnownFileType = sourcecode.swift; path = ContentView.swift; sourceTree = "<group>"; };
		68B650FC294516DC0070E140 /* PetSitter.app */ = {isa = PBXFileReference; explicitFileType = wrapper.application; includeInIndex = 0; path = PetSitter.app; sourceTree = BUILT_PRODUCTS_DIR; };
		68B650FF294516DC0070E140 /* PetSitterApp.swift */ = {isa = PBXFileReference; lastKnownFileType = sourcecode.swift; path = PetSitterApp.swift; sourceTree = "<group>"; };
		68B65103294516DD0070E140 /* Assets.xcassets */ = {isa = PBXFileReference; lastKnownFileType = folder.assetcatalog; path = Assets.xcassets; sourceTree = "<group>"; };
		68B65106294516DD0070E140 /* Preview Assets.xcassets */ = {isa = PBXFileReference; lastKnownFileType = folder.assetcatalog; path = "Preview Assets.xcassets"; sourceTree = "<group>"; };
		68B6510C294516DD0070E140 /* PetSitterTests.xctest */ = {isa = PBXFileReference; explicitFileType = wrapper.cfbundle; includeInIndex = 0; path = PetSitterTests.xctest; sourceTree = BUILT_PRODUCTS_DIR; };
		68B65110294516DD0070E140 /* PetSitterTests.swift */ = {isa = PBXFileReference; lastKnownFileType = sourcecode.swift; path = PetSitterTests.swift; sourceTree = "<group>"; };
		68B65116294516DD0070E140 /* PetSitterUITests.xctest */ = {isa = PBXFileReference; explicitFileType = wrapper.cfbundle; includeInIndex = 0; path = PetSitterUITests.xctest; sourceTree = BUILT_PRODUCTS_DIR; };
		68B6511A294516DD0070E140 /* PetSitterUITests.swift */ = {isa = PBXFileReference; lastKnownFileType = sourcecode.swift; path = PetSitterUITests.swift; sourceTree = "<group>"; };
		68B6511C294516DD0070E140 /* PetSitterUITestsLaunchTests.swift */ = {isa = PBXFileReference; lastKnownFileType = sourcecode.swift; path = PetSitterUITestsLaunchTests.swift; sourceTree = "<group>"; };
		68B6512B294517190070E140 /* dogsitterData.json */ = {isa = PBXFileReference; fileEncoding = 4; lastKnownFileType = text.json; path = dogsitterData.json; sourceTree = "<group>"; };
		68B6512D294517320070E140 /* PetSitterCard.swift */ = {isa = PBXFileReference; fileEncoding = 4; lastKnownFileType = sourcecode.swift; path = PetSitterCard.swift; sourceTree = "<group>"; };
		68B651302945174E0070E140 /* Petsitter.swift */ = {isa = PBXFileReference; fileEncoding = 4; lastKnownFileType = sourcecode.swift; path = Petsitter.swift; sourceTree = "<group>"; };
		68B651312945174E0070E140 /* placeholder.swift */ = {isa = PBXFileReference; fileEncoding = 4; lastKnownFileType = sourcecode.swift; path = placeholder.swift; sourceTree = "<group>"; };
		68B651322945174E0070E140 /* ModelData.swift */ = {isa = PBXFileReference; fileEncoding = 4; lastKnownFileType = sourcecode.swift; path = ModelData.swift; sourceTree = "<group>"; };
		68B651332945174E0070E140 /* SearchService.swift */ = {isa = PBXFileReference; fileEncoding = 4; lastKnownFileType = sourcecode.swift; path = SearchService.swift; sourceTree = "<group>"; };
		68B651342945174E0070E140 /* LocationManager.swift */ = {isa = PBXFileReference; fileEncoding = 4; lastKnownFileType = sourcecode.swift; path = LocationManager.swift; sourceTree = "<group>"; };
		68B6513B294517650070E140 /* ListView.swift */ = {isa = PBXFileReference; fileEncoding = 4; lastKnownFileType = sourcecode.swift; path = ListView.swift; sourceTree = "<group>"; };
		68B6513C294517650070E140 /* MapView.swift */ = {isa = PBXFileReference; fileEncoding = 4; lastKnownFileType = sourcecode.swift; path = MapView.swift; sourceTree = "<group>"; };
		68B6513D294517650070E140 /* ChatView.swift */ = {isa = PBXFileReference; fileEncoding = 4; lastKnownFileType = sourcecode.swift; path = ChatView.swift; sourceTree = "<group>"; };
		68B651412945FD300070E140 /* Info.plist */ = {isa = PBXFileReference; lastKnownFileType = text.plist; path = Info.plist; sourceTree = "<group>"; };
/* End PBXFileReference section */

/* Begin PBXFrameworksBuildPhase section */
		68B650F9294516DC0070E140 /* Frameworks */ = {
			isa = PBXFrameworksBuildPhase;
			buildActionMask = 2147483647;
			files = (
			);
			runOnlyForDeploymentPostprocessing = 0;
		};
		68B65109294516DD0070E140 /* Frameworks */ = {
			isa = PBXFrameworksBuildPhase;
			buildActionMask = 2147483647;
			files = (
			);
			runOnlyForDeploymentPostprocessing = 0;
		};
		68B65113294516DD0070E140 /* Frameworks */ = {
			isa = PBXFrameworksBuildPhase;
			buildActionMask = 2147483647;
			files = (
			);
			runOnlyForDeploymentPostprocessing = 0;
		};
/* End PBXFrameworksBuildPhase section */

/* Begin PBXGroup section */
		68B650F3294516DC0070E140 = {
			isa = PBXGroup;
			children = (
				68B650FE294516DC0070E140 /* PetSitter */,
				68B6510F294516DD0070E140 /* PetSitterTests */,
				68B65119294516DD0070E140 /* PetSitterUITests */,
				68B650FD294516DC0070E140 /* Products */,
			);
			sourceTree = "<group>";
		};
		68B650FD294516DC0070E140 /* Products */ = {
			isa = PBXGroup;
			children = (
				68B650FC294516DC0070E140 /* PetSitter.app */,
				68B6510C294516DD0070E140 /* PetSitterTests.xctest */,
				68B65116294516DD0070E140 /* PetSitterUITests.xctest */,
			);
			name = Products;
			sourceTree = "<group>";
		};
		68B650FE294516DC0070E140 /* PetSitter */ = {
			isa = PBXGroup;
			children = (
				68B651412945FD300070E140 /* Info.plist */,
				68B6512F2945174E0070E140 /* Data */,
				68B650FF294516DC0070E140 /* PetSitterApp.swift */,
				6854C01C29462D84007670A6 /* ContentView.swift */,
				68B6513A294517650070E140 /* Views */,
				68B65103294516DD0070E140 /* Assets.xcassets */,
				68B65105294516DD0070E140 /* Preview Content */,
			);
			path = PetSitter;
			sourceTree = "<group>";
		};
		68B65105294516DD0070E140 /* Preview Content */ = {
			isa = PBXGroup;
			children = (
				68B65106294516DD0070E140 /* Preview Assets.xcassets */,
			);
			path = "Preview Content";
			sourceTree = "<group>";
		};
		68B6510F294516DD0070E140 /* PetSitterTests */ = {
			isa = PBXGroup;
			children = (
				68B65110294516DD0070E140 /* PetSitterTests.swift */,
			);
			path = PetSitterTests;
			sourceTree = "<group>";
		};
		68B65119294516DD0070E140 /* PetSitterUITests */ = {
			isa = PBXGroup;
			children = (
				68B6511A294516DD0070E140 /* PetSitterUITests.swift */,
				68B6511C294516DD0070E140 /* PetSitterUITestsLaunchTests.swift */,
			);
			path = PetSitterUITests;
			sourceTree = "<group>";
		};
		68B6512F2945174E0070E140 /* Data */ = {
			isa = PBXGroup;
			children = (
				68B651302945174E0070E140 /* Petsitter.swift */,
				68B651312945174E0070E140 /* placeholder.swift */,
				68B651322945174E0070E140 /* ModelData.swift */,
				68B651332945174E0070E140 /* SearchService.swift */,
				68B651342945174E0070E140 /* LocationManager.swift */,
				68B6512B294517190070E140 /* dogsitterData.json */,
				68367CD12948B9AF00527397 /* User.swift */,
			);
			path = Data;
			sourceTree = "<group>";
		};
		68B6513A294517650070E140 /* Views */ = {
			isa = PBXGroup;
			children = (
				68B6512D294517320070E140 /* PetSitterCard.swift */,
				68B6513B294517650070E140 /* ListView.swift */,
				68B6513C294517650070E140 /* MapView.swift */,
				68B6513D294517650070E140 /* ChatView.swift */,
				68367CCD29478F9C00527397 /* PetSitterDetail.swift */,
				68367CCF2947945400527397 /* ProfileView.swift */,
				68367CD32948BE0600527397 /* CardChatView.swift */,
			);
			path = Views;
			sourceTree = "<group>";
		};
/* End PBXGroup section */

/* Begin PBXNativeTarget section */
		68B650FB294516DC0070E140 /* PetSitter */ = {
			isa = PBXNativeTarget;
			buildConfigurationList = 68B65120294516DD0070E140 /* Build configuration list for PBXNativeTarget "PetSitter" */;
			buildPhases = (
				68B650F8294516DC0070E140 /* Sources */,
				68B650F9294516DC0070E140 /* Frameworks */,
				68B650FA294516DC0070E140 /* Resources */,
			);
			buildRules = (
			);
			dependencies = (
			);
			name = PetSitter;
			productName = PetSitter;
			productReference = 68B650FC294516DC0070E140 /* PetSitter.app */;
			productType = "com.apple.product-type.application";
		};
		68B6510B294516DD0070E140 /* PetSitterTests */ = {
			isa = PBXNativeTarget;
			buildConfigurationList = 68B65123294516DD0070E140 /* Build configuration list for PBXNativeTarget "PetSitterTests" */;
			buildPhases = (
				68B65108294516DD0070E140 /* Sources */,
				68B65109294516DD0070E140 /* Frameworks */,
				68B6510A294516DD0070E140 /* Resources */,
			);
			buildRules = (
			);
			dependencies = (
				68B6510E294516DD0070E140 /* PBXTargetDependency */,
			);
			name = PetSitterTests;
			productName = PetSitterTests;
			productReference = 68B6510C294516DD0070E140 /* PetSitterTests.xctest */;
			productType = "com.apple.product-type.bundle.unit-test";
		};
		68B65115294516DD0070E140 /* PetSitterUITests */ = {
			isa = PBXNativeTarget;
			buildConfigurationList = 68B65126294516DD0070E140 /* Build configuration list for PBXNativeTarget "PetSitterUITests" */;
			buildPhases = (
				68B65112294516DD0070E140 /* Sources */,
				68B65113294516DD0070E140 /* Frameworks */,
				68B65114294516DD0070E140 /* Resources */,
			);
			buildRules = (
			);
			dependencies = (
				68B65118294516DD0070E140 /* PBXTargetDependency */,
			);
			name = PetSitterUITests;
			productName = PetSitterUITests;
			productReference = 68B65116294516DD0070E140 /* PetSitterUITests.xctest */;
			productType = "com.apple.product-type.bundle.ui-testing";
		};
/* End PBXNativeTarget section */

/* Begin PBXProject section */
		68B650F4294516DC0070E140 /* Project object */ = {
			isa = PBXProject;
			attributes = {
				BuildIndependentTargetsInParallel = 1;
				LastSwiftUpdateCheck = 1410;
				LastUpgradeCheck = 1410;
				TargetAttributes = {
					68B650FB294516DC0070E140 = {
						CreatedOnToolsVersion = 14.1;
					};
					68B6510B294516DD0070E140 = {
						CreatedOnToolsVersion = 14.1;
						TestTargetID = 68B650FB294516DC0070E140;
					};
					68B65115294516DD0070E140 = {
						CreatedOnToolsVersion = 14.1;
						TestTargetID = 68B650FB294516DC0070E140;
					};
				};
			};
			buildConfigurationList = 68B650F7294516DC0070E140 /* Build configuration list for PBXProject "PetSitter" */;
			compatibilityVersion = "Xcode 14.0";
			developmentRegion = en;
			hasScannedForEncodings = 0;
			knownRegions = (
				en,
				Base,
			);
			mainGroup = 68B650F3294516DC0070E140;
			productRefGroup = 68B650FD294516DC0070E140 /* Products */;
			projectDirPath = "";
			projectRoot = "";
			targets = (
				68B650FB294516DC0070E140 /* PetSitter */,
				68B6510B294516DD0070E140 /* PetSitterTests */,
				68B65115294516DD0070E140 /* PetSitterUITests */,
			);
		};
/* End PBXProject section */

/* Begin PBXResourcesBuildPhase section */
		68B650FA294516DC0070E140 /* Resources */ = {
			isa = PBXResourcesBuildPhase;
			buildActionMask = 2147483647;
			files = (
				68B6512C294517190070E140 /* dogsitterData.json in Resources */,
				68B65107294516DD0070E140 /* Preview Assets.xcassets in Resources */,
				68B65104294516DD0070E140 /* Assets.xcassets in Resources */,
			);
			runOnlyForDeploymentPostprocessing = 0;
		};
		68B6510A294516DD0070E140 /* Resources */ = {
			isa = PBXResourcesBuildPhase;
			buildActionMask = 2147483647;
			files = (
			);
			runOnlyForDeploymentPostprocessing = 0;
		};
		68B65114294516DD0070E140 /* Resources */ = {
			isa = PBXResourcesBuildPhase;
			buildActionMask = 2147483647;
			files = (
			);
			runOnlyForDeploymentPostprocessing = 0;
		};
/* End PBXResourcesBuildPhase section */

/* Begin PBXSourcesBuildPhase section */
		68B650F8294516DC0070E140 /* Sources */ = {
			isa = PBXSourcesBuildPhase;
			buildActionMask = 2147483647;
			files = (
				68B65100294516DC0070E140 /* PetSitterApp.swift in Sources */,
				68367CD02947945400527397 /* ProfileView.swift in Sources */,
				68B651362945174E0070E140 /* placeholder.swift in Sources */,
				68367CCE29478F9C00527397 /* PetSitterDetail.swift in Sources */,
				6854C01D29462D84007670A6 /* ContentView.swift in Sources */,
				68B651352945174E0070E140 /* Petsitter.swift in Sources */,
				68367CD22948B9AF00527397 /* User.swift in Sources */,
				68B65140294517650070E140 /* ChatView.swift in Sources */,
				68B651392945174E0070E140 /* LocationManager.swift in Sources */,
				68367CD42948BE0600527397 /* CardChatView.swift in Sources */,
				68B651382945174E0070E140 /* SearchService.swift in Sources */,
				68B6512E294517320070E140 /* PetSitterCard.swift in Sources */,
				68B6513F294517650070E140 /* MapView.swift in Sources */,
				68B651372945174E0070E140 /* ModelData.swift in Sources */,
				68B6513E294517650070E140 /* ListView.swift in Sources */,
			);
			runOnlyForDeploymentPostprocessing = 0;
		};
		68B65108294516DD0070E140 /* Sources */ = {
			isa = PBXSourcesBuildPhase;
			buildActionMask = 2147483647;
			files = (
				68B65111294516DD0070E140 /* PetSitterTests.swift in Sources */,
			);
			runOnlyForDeploymentPostprocessing = 0;
		};
		68B65112294516DD0070E140 /* Sources */ = {
			isa = PBXSourcesBuildPhase;
			buildActionMask = 2147483647;
			files = (
				68B6511B294516DD0070E140 /* PetSitterUITests.swift in Sources */,
				68B6511D294516DD0070E140 /* PetSitterUITestsLaunchTests.swift in Sources */,
			);
			runOnlyForDeploymentPostprocessing = 0;
		};
/* End PBXSourcesBuildPhase section */

/* Begin PBXTargetDependency section */
		68B6510E294516DD0070E140 /* PBXTargetDependency */ = {
			isa = PBXTargetDependency;
			target = 68B650FB294516DC0070E140 /* PetSitter */;
			targetProxy = 68B6510D294516DD0070E140 /* PBXContainerItemProxy */;
		};
		68B65118294516DD0070E140 /* PBXTargetDependency */ = {
			isa = PBXTargetDependency;
			target = 68B650FB294516DC0070E140 /* PetSitter */;
			targetProxy = 68B65117294516DD0070E140 /* PBXContainerItemProxy */;
		};
/* End PBXTargetDependency section */

/* Begin XCBuildConfiguration section */
		68B6511E294516DD0070E140 /* Debug */ = {
			isa = XCBuildConfiguration;
			buildSettings = {
				ALWAYS_SEARCH_USER_PATHS = NO;
				CLANG_ANALYZER_NONNULL = YES;
				CLANG_ANALYZER_NUMBER_OBJECT_CONVERSION = YES_AGGRESSIVE;
				CLANG_CXX_LANGUAGE_STANDARD = "gnu++20";
				CLANG_ENABLE_MODULES = YES;
				CLANG_ENABLE_OBJC_ARC = YES;
				CLANG_ENABLE_OBJC_WEAK = YES;
				CLANG_WARN_BLOCK_CAPTURE_AUTORELEASING = YES;
				CLANG_WARN_BOOL_CONVERSION = YES;
				CLANG_WARN_COMMA = YES;
				CLANG_WARN_CONSTANT_CONVERSION = YES;
				CLANG_WARN_DEPRECATED_OBJC_IMPLEMENTATIONS = YES;
				CLANG_WARN_DIRECT_OBJC_ISA_USAGE = YES_ERROR;
				CLANG_WARN_DOCUMENTATION_COMMENTS = YES;
				CLANG_WARN_EMPTY_BODY = YES;
				CLANG_WARN_ENUM_CONVERSION = YES;
				CLANG_WARN_INFINITE_RECURSION = YES;
				CLANG_WARN_INT_CONVERSION = YES;
				CLANG_WARN_NON_LITERAL_NULL_CONVERSION = YES;
				CLANG_WARN_OBJC_IMPLICIT_RETAIN_SELF = YES;
				CLANG_WARN_OBJC_LITERAL_CONVERSION = YES;
				CLANG_WARN_OBJC_ROOT_CLASS = YES_ERROR;
				CLANG_WARN_QUOTED_INCLUDE_IN_FRAMEWORK_HEADER = YES;
				CLANG_WARN_RANGE_LOOP_ANALYSIS = YES;
				CLANG_WARN_STRICT_PROTOTYPES = YES;
				CLANG_WARN_SUSPICIOUS_MOVE = YES;
				CLANG_WARN_UNGUARDED_AVAILABILITY = YES_AGGRESSIVE;
				CLANG_WARN_UNREACHABLE_CODE = YES;
				CLANG_WARN__DUPLICATE_METHOD_MATCH = YES;
				COPY_PHASE_STRIP = NO;
				DEBUG_INFORMATION_FORMAT = dwarf;
				ENABLE_STRICT_OBJC_MSGSEND = YES;
				ENABLE_TESTABILITY = YES;
				GCC_C_LANGUAGE_STANDARD = gnu11;
				GCC_DYNAMIC_NO_PIC = NO;
				GCC_NO_COMMON_BLOCKS = YES;
				GCC_OPTIMIZATION_LEVEL = 0;
				GCC_PREPROCESSOR_DEFINITIONS = (
					"DEBUG=1",
					"$(inherited)",
				);
				GCC_WARN_64_TO_32_BIT_CONVERSION = YES;
				GCC_WARN_ABOUT_RETURN_TYPE = YES_ERROR;
				GCC_WARN_UNDECLARED_SELECTOR = YES;
				GCC_WARN_UNINITIALIZED_AUTOS = YES_AGGRESSIVE;
				GCC_WARN_UNUSED_FUNCTION = YES;
				GCC_WARN_UNUSED_VARIABLE = YES;
				IPHONEOS_DEPLOYMENT_TARGET = 16.1;
				MTL_ENABLE_DEBUG_INFO = INCLUDE_SOURCE;
				MTL_FAST_MATH = YES;
				ONLY_ACTIVE_ARCH = YES;
				SDKROOT = iphoneos;
				SWIFT_ACTIVE_COMPILATION_CONDITIONS = DEBUG;
				SWIFT_OPTIMIZATION_LEVEL = "-Onone";
			};
			name = Debug;
		};
		68B6511F294516DD0070E140 /* Release */ = {
			isa = XCBuildConfiguration;
			buildSettings = {
				ALWAYS_SEARCH_USER_PATHS = NO;
				CLANG_ANALYZER_NONNULL = YES;
				CLANG_ANALYZER_NUMBER_OBJECT_CONVERSION = YES_AGGRESSIVE;
				CLANG_CXX_LANGUAGE_STANDARD = "gnu++20";
				CLANG_ENABLE_MODULES = YES;
				CLANG_ENABLE_OBJC_ARC = YES;
				CLANG_ENABLE_OBJC_WEAK = YES;
				CLANG_WARN_BLOCK_CAPTURE_AUTORELEASING = YES;
				CLANG_WARN_BOOL_CONVERSION = YES;
				CLANG_WARN_COMMA = YES;
				CLANG_WARN_CONSTANT_CONVERSION = YES;
				CLANG_WARN_DEPRECATED_OBJC_IMPLEMENTATIONS = YES;
				CLANG_WARN_DIRECT_OBJC_ISA_USAGE = YES_ERROR;
				CLANG_WARN_DOCUMENTATION_COMMENTS = YES;
				CLANG_WARN_EMPTY_BODY = YES;
				CLANG_WARN_ENUM_CONVERSION = YES;
				CLANG_WARN_INFINITE_RECURSION = YES;
				CLANG_WARN_INT_CONVERSION = YES;
				CLANG_WARN_NON_LITERAL_NULL_CONVERSION = YES;
				CLANG_WARN_OBJC_IMPLICIT_RETAIN_SELF = YES;
				CLANG_WARN_OBJC_LITERAL_CONVERSION = YES;
				CLANG_WARN_OBJC_ROOT_CLASS = YES_ERROR;
				CLANG_WARN_QUOTED_INCLUDE_IN_FRAMEWORK_HEADER = YES;
				CLANG_WARN_RANGE_LOOP_ANALYSIS = YES;
				CLANG_WARN_STRICT_PROTOTYPES = YES;
				CLANG_WARN_SUSPICIOUS_MOVE = YES;
				CLANG_WARN_UNGUARDED_AVAILABILITY = YES_AGGRESSIVE;
				CLANG_WARN_UNREACHABLE_CODE = YES;
				CLANG_WARN__DUPLICATE_METHOD_MATCH = YES;
				COPY_PHASE_STRIP = NO;
				DEBUG_INFORMATION_FORMAT = "dwarf-with-dsym";
				ENABLE_NS_ASSERTIONS = NO;
				ENABLE_STRICT_OBJC_MSGSEND = YES;
				GCC_C_LANGUAGE_STANDARD = gnu11;
				GCC_NO_COMMON_BLOCKS = YES;
				GCC_WARN_64_TO_32_BIT_CONVERSION = YES;
				GCC_WARN_ABOUT_RETURN_TYPE = YES_ERROR;
				GCC_WARN_UNDECLARED_SELECTOR = YES;
				GCC_WARN_UNINITIALIZED_AUTOS = YES_AGGRESSIVE;
				GCC_WARN_UNUSED_FUNCTION = YES;
				GCC_WARN_UNUSED_VARIABLE = YES;
				IPHONEOS_DEPLOYMENT_TARGET = 16.1;
				MTL_ENABLE_DEBUG_INFO = NO;
				MTL_FAST_MATH = YES;
				SDKROOT = iphoneos;
				SWIFT_COMPILATION_MODE = wholemodule;
				SWIFT_OPTIMIZATION_LEVEL = "-O";
				VALIDATE_PRODUCT = YES;
			};
			name = Release;
		};
		68B65121294516DD0070E140 /* Debug */ = {
			isa = XCBuildConfiguration;
			buildSettings = {
				ASSETCATALOG_COMPILER_APPICON_NAME = AppIcon;
				ASSETCATALOG_COMPILER_GLOBAL_ACCENT_COLOR_NAME = AccentColor;
				CODE_SIGN_STYLE = Automatic;
				CURRENT_PROJECT_VERSION = 1;
				DEVELOPMENT_ASSET_PATHS = "\"PetSitter/Preview Content\"";
				DEVELOPMENT_TEAM = T3577S6M37;
				ENABLE_PREVIEWS = YES;
				GENERATE_INFOPLIST_FILE = YES;
				INFOPLIST_FILE = PetSitter/Info.plist;
				INFOPLIST_KEY_LSSupportsOpeningDocumentsInPlace = YES;
				INFOPLIST_KEY_NSLocationWhenInUseUsageDescription = "Need the permission to traxk user location";
				INFOPLIST_KEY_UIApplicationSceneManifest_Generation = YES;
				INFOPLIST_KEY_UIApplicationSupportsIndirectInputEvents = YES;
				INFOPLIST_KEY_UILaunchScreen_Generation = YES;
				INFOPLIST_KEY_UISupportedInterfaceOrientations_iPad = "UIInterfaceOrientationPortrait UIInterfaceOrientationPortraitUpsideDown UIInterfaceOrientationLandscapeLeft UIInterfaceOrientationLandscapeRight";
				INFOPLIST_KEY_UISupportedInterfaceOrientations_iPhone = "UIInterfaceOrientationPortrait UIInterfaceOrientationLandscapeLeft UIInterfaceOrientationLandscapeRight";
				LD_RUNPATH_SEARCH_PATHS = (
					"$(inherited)",
					"@executable_path/Frameworks",
				);
				MARKETING_VERSION = 1.0;
				PRODUCT_BUNDLE_IDENTIFIER = com.Frank.PetSitter;
				PRODUCT_NAME = "$(TARGET_NAME)";
				SWIFT_EMIT_LOC_STRINGS = YES;
				SWIFT_VERSION = 5.0;
				TARGETED_DEVICE_FAMILY = "1,2";
			};
			name = Debug;
		};
		68B65122294516DD0070E140 /* Release */ = {
			isa = XCBuildConfiguration;
			buildSettings = {
				ASSETCATALOG_COMPILER_APPICON_NAME = AppIcon;
				ASSETCATALOG_COMPILER_GLOBAL_ACCENT_COLOR_NAME = AccentColor;
				CODE_SIGN_STYLE = Automatic;
				CURRENT_PROJECT_VERSION = 1;
				DEVELOPMENT_ASSET_PATHS = "\"PetSitter/Preview Content\"";
				DEVELOPMENT_TEAM = T3577S6M37;
				ENABLE_PREVIEWS = YES;
				GENERATE_INFOPLIST_FILE = YES;
				INFOPLIST_FILE = PetSitter/Info.plist;
				INFOPLIST_KEY_LSSupportsOpeningDocumentsInPlace = YES;
				INFOPLIST_KEY_NSLocationWhenInUseUsageDescription = "Need the permission to traxk user location";
				INFOPLIST_KEY_UIApplicationSceneManifest_Generation = YES;
				INFOPLIST_KEY_UIApplicationSupportsIndirectInputEvents = YES;
				INFOPLIST_KEY_UILaunchScreen_Generation = YES;
				INFOPLIST_KEY_UISupportedInterfaceOrientations_iPad = "UIInterfaceOrientationPortrait UIInterfaceOrientationPortraitUpsideDown UIInterfaceOrientationLandscapeLeft UIInterfaceOrientationLandscapeRight";
				INFOPLIST_KEY_UISupportedInterfaceOrientations_iPhone = "UIInterfaceOrientationPortrait UIInterfaceOrientationLandscapeLeft UIInterfaceOrientationLandscapeRight";
				LD_RUNPATH_SEARCH_PATHS = (
					"$(inherited)",
					"@executable_path/Frameworks",
				);
				MARKETING_VERSION = 1.0;
				PRODUCT_BUNDLE_IDENTIFIER = com.Frank.PetSitter;
				PRODUCT_NAME = "$(TARGET_NAME)";
				SWIFT_EMIT_LOC_STRINGS = YES;
				SWIFT_VERSION = 5.0;
				TARGETED_DEVICE_FAMILY = "1,2";
			};
			name = Release;
		};
		68B65124294516DD0070E140 /* Debug */ = {
			isa = XCBuildConfiguration;
			buildSettings = {
				ALWAYS_EMBED_SWIFT_STANDARD_LIBRARIES = YES;
				BUNDLE_LOADER = "$(TEST_HOST)";
				CODE_SIGN_STYLE = Automatic;
				CURRENT_PROJECT_VERSION = 1;
				DEVELOPMENT_TEAM = T3577S6M37;
				GENERATE_INFOPLIST_FILE = YES;
				IPHONEOS_DEPLOYMENT_TARGET = 16.1;
				MARKETING_VERSION = 1.0;
				PRODUCT_BUNDLE_IDENTIFIER = com.Frank.PetSitterTests;
				PRODUCT_NAME = "$(TARGET_NAME)";
				SWIFT_EMIT_LOC_STRINGS = NO;
				SWIFT_VERSION = 5.0;
				TARGETED_DEVICE_FAMILY = "1,2";
				TEST_HOST = "$(BUILT_PRODUCTS_DIR)/PetSitter.app/$(BUNDLE_EXECUTABLE_FOLDER_PATH)/PetSitter";
			};
			name = Debug;
		};
		68B65125294516DD0070E140 /* Release */ = {
			isa = XCBuildConfiguration;
			buildSettings = {
				ALWAYS_EMBED_SWIFT_STANDARD_LIBRARIES = YES;
				BUNDLE_LOADER = "$(TEST_HOST)";
				CODE_SIGN_STYLE = Automatic;
				CURRENT_PROJECT_VERSION = 1;
				DEVELOPMENT_TEAM = T3577S6M37;
				GENERATE_INFOPLIST_FILE = YES;
				IPHONEOS_DEPLOYMENT_TARGET = 16.1;
				MARKETING_VERSION = 1.0;
				PRODUCT_BUNDLE_IDENTIFIER = com.Frank.PetSitterTests;
				PRODUCT_NAME = "$(TARGET_NAME)";
				SWIFT_EMIT_LOC_STRINGS = NO;
				SWIFT_VERSION = 5.0;
				TARGETED_DEVICE_FAMILY = "1,2";
				TEST_HOST = "$(BUILT_PRODUCTS_DIR)/PetSitter.app/$(BUNDLE_EXECUTABLE_FOLDER_PATH)/PetSitter";
			};
			name = Release;
		};
		68B65127294516DD0070E140 /* Debug */ = {
			isa = XCBuildConfiguration;
			buildSettings = {
				ALWAYS_EMBED_SWIFT_STANDARD_LIBRARIES = YES;
				CODE_SIGN_STYLE = Automatic;
				CURRENT_PROJECT_VERSION = 1;
				DEVELOPMENT_TEAM = T3577S6M37;
				GENERATE_INFOPLIST_FILE = YES;
				MARKETING_VERSION = 1.0;
				PRODUCT_BUNDLE_IDENTIFIER = com.Frank.PetSitterUITests;
				PRODUCT_NAME = "$(TARGET_NAME)";
				SWIFT_EMIT_LOC_STRINGS = NO;
				SWIFT_VERSION = 5.0;
				TARGETED_DEVICE_FAMILY = "1,2";
				TEST_TARGET_NAME = PetSitter;
			};
			name = Debug;
		};
		68B65128294516DD0070E140 /* Release */ = {
			isa = XCBuildConfiguration;
			buildSettings = {
				ALWAYS_EMBED_SWIFT_STANDARD_LIBRARIES = YES;
				CODE_SIGN_STYLE = Automatic;
				CURRENT_PROJECT_VERSION = 1;
				DEVELOPMENT_TEAM = T3577S6M37;
				GENERATE_INFOPLIST_FILE = YES;
				MARKETING_VERSION = 1.0;
				PRODUCT_BUNDLE_IDENTIFIER = com.Frank.PetSitterUITests;
				PRODUCT_NAME = "$(TARGET_NAME)";
				SWIFT_EMIT_LOC_STRINGS = NO;
				SWIFT_VERSION = 5.0;
				TARGETED_DEVICE_FAMILY = "1,2";
				TEST_TARGET_NAME = PetSitter;
			};
			name = Release;
		};
/* End XCBuildConfiguration section */

/* Begin XCConfigurationList section */
		68B650F7294516DC0070E140 /* Build configuration list for PBXProject "PetSitter" */ = {
			isa = XCConfigurationList;
			buildConfigurations = (
				68B6511E294516DD0070E140 /* Debug */,
				68B6511F294516DD0070E140 /* Release */,
			);
			defaultConfigurationIsVisible = 0;
			defaultConfigurationName = Release;
		};
		68B65120294516DD0070E140 /* Build configuration list for PBXNativeTarget "PetSitter" */ = {
			isa = XCConfigurationList;
			buildConfigurations = (
				68B65121294516DD0070E140 /* Debug */,
				68B65122294516DD0070E140 /* Release */,
			);
			defaultConfigurationIsVisible = 0;
			defaultConfigurationName = Release;
		};
		68B65123294516DD0070E140 /* Build configuration list for PBXNativeTarget "PetSitterTests" */ = {
			isa = XCConfigurationList;
			buildConfigurations = (
				68B65124294516DD0070E140 /* Debug */,
				68B65125294516DD0070E140 /* Release */,
			);
			defaultConfigurationIsVisible = 0;
			defaultConfigurationName = Release;
		};
		68B65126294516DD0070E140 /* Build configuration list for PBXNativeTarget "PetSitterUITests" */ = {
			isa = XCConfigurationList;
			buildConfigurations = (
				68B65127294516DD0070E140 /* Debug */,
				68B65128294516DD0070E140 /* Release */,
			);
			defaultConfigurationIsVisible = 0;
			defaultConfigurationName = Release;
		};
/* End XCConfigurationList section */
	};
	rootObject = 68B650F4294516DC0070E140 /* Project object */;
}
